{
  "nodes": {
    "nixpkgs": {
      "locked": {
        "lastModified": 1777390100,
        "narHash": "sha256-9pqBoQoCmqevawqopCuW4GEzacWldBDGC9DC8Wevkxs=",
        "owner": "NixOS",
        "repo": "nixpkgs",
        "rev": "a154bc518d0e3058ef2f6cce81e88c2efbe7be95",
        "type": "github"
      },
      "original": {
        "owner": "NixOS",
        "repo": "nixpkgs",
        "type": "github"
      }
    },
    "root": {
      "inputs": {
        "nixpkgs": "nixpkgs"
      }
    }
  },
  "root": "root",
  "version": 7
}
